
Microsoft Visual Studio Solution File, Format Version 12.00
# Visual Studio Version 17
VisualStudioVersion = 17.0.31903.59
MinimumVisualStudioVersion = 10.0.40219.1
Project("{2150E333-8FDC-42A3-9474-1A3956D46DE8}") = "tests", "tests", "{0AB3BF05-4346-4AA6-1389-037BE0695223}"
EndProject
Project("{FAE04EC0-301F-11D3-BF4B-00C04F79EFBC}") = "GameLoopOptimizer.Tests", "tests\GameLoopOptimizer.Tests\GameLoopOptimizer.Tests.csproj", "{AFD8D498-EB2A-4F49-8AD7-6A57BD94B0D2}"
EndProject
Project("{2150E333-8FDC-42A3-9474-1A3956D46DE8}") = "src", "src", "{827E0CD3-B72D-47B6-A68D-7590B98EB39B}"
EndProject
Project("{FAE04EC0-301F-11D3-BF4B-00C04F79EFBC}") = "GameLoopOptimizer", "src\GameLoopOptimizer\GameLoopOptimizer.csproj", "{AD49E5E5-89EA-493A-9F65-09ECF5A13FED}"
EndProject
Global
	GlobalSection(SolutionConfigurationPlatforms) = preSolution
		Debug|Any CPU = Debug|Any CPU
		Debug|x64 = Debug|x64
		Debug|x86 = Debug|x86
		Release|Any CPU = Release|Any CPU
		Release|x64 = Release|x64
		Release|x86 = Release|x86
	EndGlobalSection
	GlobalSection(ProjectConfigurationPlatforms) = postSolution
		{AFD8D498-EB2A-4F49-8AD7-6A57BD94B0D2}.Debug|Any CPU.ActiveCfg = Debug|Any CPU
		{AFD8D498-EB2A-4F49-8AD7-6A57BD94B0D2}.Debug|Any CPU.Build.0 = Debug|Any CPU
		{AFD8D498-EB2A-4F49-8AD7-6A57BD94B0D2}.Debug|x64.ActiveCfg = Debug|Any CPU
		{AFD8D498-EB2A-4F49-8AD7-6A57BD94B0D2}.Debug|x64.Build.0 = Debug|Any CPU
		{AFD8D498-EB2A-4F49-8AD7-6A57BD94B0D2}.Debug|x86.ActiveCfg = Debug|Any CPU
		{AFD8D498-EB2A-4F49-8AD7-6A57BD94B0D2}.Debug|x86.Build.0 = Debug|Any CPU
		{AFD8D498-EB2A-4F49-8AD7-6A57BD94B0D2}.Release|Any CPU.ActiveCfg = Release|Any CPU
		{AFD8D498-EB2A-4F49-8AD7-6A57BD94B0D2}.Release|Any CPU.Build.0 = Release|Any CPU
		{AFD8D498-EB2A-4F49-8AD7-6A57BD94B0D2}.Release|x64.ActiveCfg = Release|Any CPU
		{AFD8D498-EB2A-4F49-8AD7-6A57BD94B0D2}.Release|x64.Build.0 = Release|Any CPU
		{AFD8D498-EB2A-4F49-8AD7-6A57BD94B0D2}.Release|x86.ActiveCfg = Release|Any CPU
		{AFD8D498-EB2A-4F49-8AD7-6A57BD94B0D2}.Release|x86.Build.0 = Release|Any CPU
		{AD49E5E5-89EA-493A-9F65-09ECF5A13FED}.Debug|Any CPU.ActiveCfg = Debug|Any CPU
		{AD49E5E5-89EA-493A-9F65-09ECF5A13FED}.Debug|Any CPU.Build.0 = Debug|Any CPU
		{AD49E5E5-89EA-493A-9F65-09ECF5A13FED}.Debug|x64.ActiveCfg = Debug|Any CPU
		{AD49E5E5-89EA-493A-9F65-09ECF5A13FED}.Debug|x64.Build.0 = Debug|Any CPU
		{AD49E5E5-89EA-493A-9F65-09ECF5A13FED}.Debug|x86.ActiveCfg = Debug|Any CPU
		{AD49E5E5-89EA-493A-9F65-09ECF5A13FED}.Debug|x86.Build.0 = Debug|Any CPU
		{AD49E5E5-89EA-493A-9F65-09ECF5A13FED}.Release|Any CPU.ActiveCfg = Release|Any CPU
		{AD49E5E5-89EA-493A-9F65-09ECF5A13FED}.Release|Any CPU.Build.0 = Release|Any CPU
		{AD49E5E5-89EA-493A-9F65-09ECF5A13FED}.Release|x64.ActiveCfg = Release|Any CPU
		{AD49E5E5-89EA-493A-9F65-09ECF5A13FED}.Release|x64.Build.0 = Release|Any CPU
		{AD49E5E5-89EA-493A-9F65-09ECF5A13FED}.Release|x86.ActiveCfg = Release|Any CPU
		{AD49E5E5-89EA-493A-9F65-09ECF5A13FED}.Release|x86.Build.0 = Release|Any CPU
	EndGlobalSection
	GlobalSection(SolutionProperties) = preSolution
		HideSolutionNode = FALSE
	EndGlobalSection
	GlobalSection(NestedProjects) = preSolution
		{AFD8D498-EB2A-4F49-8AD7-6A57BD94B0D2} = {0AB3BF05-4346-4AA6-1389-037BE0695223}
		{AD49E5E5-89EA-493A-9F65-09ECF5A13FED} = {827E0CD3-B72D-47B6-A68D-7590B98EB39B}
	EndGlobalSection
EndGlobal
